
Microsoft Visual Studio Solution File, Format Version 12.00
# Visual Studio 15
VisualStudioVersion = 15.0.27703.2018
MinimumVisualStudioVersion = 10.0.40219.1
Project("{FAE04EC0-301F-11D3-BF4B-00C04F79EFBC}") = "sweepstakes", "sweepstakes\sweepstakes.csproj", "{ECF390AD-8719-4720-8689-D21967ABD23B}"
EndProject
Global
	GlobalSection(SolutionConfigurationPlatforms) = preSolution
		Debug|Any CPU = Debug|Any CPU
		Release|Any CPU = Release|Any CPU
	EndGlobalSection
	GlobalSection(ProjectConfigurationPlatforms) = postSolution
		{ECF390AD-8719-4720-8689-D21967ABD23B}.Debug|Any CPU.ActiveCfg = Debug|Any CPU
		{ECF390AD-8719-4720-8689-D21967ABD23B}.Debug|Any CPU.Build.0 = Debug|Any CPU
		{ECF390AD-8719-4720-8689-D21967ABD23B}.Release|Any CPU.ActiveCfg = Release|Any CPU
		{ECF390AD-8719-4720-8689-D21967ABD23B}.Release|Any CPU.Build.0 = Release|Any CPU
	EndGlobalSection
	GlobalSection(SolutionProperties) = preSolution
		HideSolutionNode = FALSE
	EndGlobalSection
	GlobalSection(ExtensibilityGlobals) = postSolution
		SolutionGuid = {41B7DE11-A142-4B6B-AB34-3479A041A6F1}
	EndGlobalSection
EndGlobal
